
Microsoft Visual Studio Solution File, Format Version 12.00
# Visual Studio 2013
VisualStudioVersion = 12.0.21005.1
MinimumVisualStudioVersion = 10.0.40219.1
Project("{FAE04EC0-301F-11D3-BF4B-00C04F79EFBC}") = "EntityFramework.PostgreSql", "EntityFramework.PostgreSql\EntityFramework.PostgreSql.csproj", "{AD1F7699-6C04-44D9-B99A-74D457D6DF2B}"
EndProject
Project("{FAE04EC0-301F-11D3-BF4B-00C04F79EFBC}") = "EntityFramework.PostgreSql.Test", "EntityFramework.PostgreSql.Test\EntityFramework.PostgreSql.Test.csproj", "{EC669011-B683-4C04-908F-EC3CAD971F5E}"
EndProject
Global
	GlobalSection(SolutionConfigurationPlatforms) = preSolution
		Debug|Any CPU = Debug|Any CPU
		Release|Any CPU = Release|Any CPU
	EndGlobalSection
	GlobalSection(ProjectConfigurationPlatforms) = postSolution
		{AD1F7699-6C04-44D9-B99A-74D457D6DF2B}.Debug|Any CPU.ActiveCfg = Debug|Any CPU
		{AD1F7699-6C04-44D9-B99A-74D457D6DF2B}.Debug|Any CPU.Build.0 = Debug|Any CPU
		{AD1F7699-6C04-44D9-B99A-74D457D6DF2B}.Release|Any CPU.ActiveCfg = Release|Any CPU
		{AD1F7699-6C04-44D9-B99A-74D457D6DF2B}.Release|Any CPU.Build.0 = Release|Any CPU
		{EC669011-B683-4C04-908F-EC3CAD971F5E}.Debug|Any CPU.ActiveCfg = Debug|Any CPU
		{EC669011-B683-4C04-908F-EC3CAD971F5E}.Debug|Any CPU.Build.0 = Debug|Any CPU
		{EC669011-B683-4C04-908F-EC3CAD971F5E}.Release|Any CPU.ActiveCfg = Release|Any CPU
		{EC669011-B683-4C04-908F-EC3CAD971F5E}.Release|Any CPU.Build.0 = Release|Any CPU
	EndGlobalSection
	GlobalSection(SolutionProperties) = preSolution
		HideSolutionNode = FALSE
	EndGlobalSection
EndGlobal
