
Microsoft Visual Studio Solution File, Format Version 12.00
# Visual Studio 2012
Project("{FAE04EC0-301F-11D3-BF4B-00C04F79EFBC}") = "EntityFramework.PostgreSql", "EntityFramework.PostgreSql\EntityFramework.PostgreSql.csproj", "{F795431F-3D7E-482E-B7FB-CB6C6902C84D}"
EndProject
Project("{FAE04EC0-301F-11D3-BF4B-00C04F79EFBC}") = "EntityFramework.PostgreSql.Test", "EntityFramework.PostgreSql.Test\EntityFramework.PostgreSql.Test.csproj", "{1C479AC9-F4FC-4CFF-83D5-2CC4BBE5BC31}"
EndProject
Global
	GlobalSection(SolutionConfigurationPlatforms) = preSolution
		Debug|Any CPU = Debug|Any CPU
		Release|Any CPU = Release|Any CPU
	EndGlobalSection
	GlobalSection(ProjectConfigurationPlatforms) = postSolution
		{F795431F-3D7E-482E-B7FB-CB6C6902C84D}.Debug|Any CPU.ActiveCfg = Debug|Any CPU
		{F795431F-3D7E-482E-B7FB-CB6C6902C84D}.Debug|Any CPU.Build.0 = Debug|Any CPU
		{F795431F-3D7E-482E-B7FB-CB6C6902C84D}.Release|Any CPU.ActiveCfg = Release|Any CPU
		{F795431F-3D7E-482E-B7FB-CB6C6902C84D}.Release|Any CPU.Build.0 = Release|Any CPU
		{1C479AC9-F4FC-4CFF-83D5-2CC4BBE5BC31}.Debug|Any CPU.ActiveCfg = Debug|Any CPU
		{1C479AC9-F4FC-4CFF-83D5-2CC4BBE5BC31}.Debug|Any CPU.Build.0 = Debug|Any CPU
		{1C479AC9-F4FC-4CFF-83D5-2CC4BBE5BC31}.Release|Any CPU.ActiveCfg = Release|Any CPU
		{1C479AC9-F4FC-4CFF-83D5-2CC4BBE5BC31}.Release|Any CPU.Build.0 = Release|Any CPU
	EndGlobalSection
	GlobalSection(SolutionProperties) = preSolution
		HideSolutionNode = FALSE
	EndGlobalSection
EndGlobal
